
Microsoft Visual Studio Solution File, Format Version 11.00
# Visual C# Express 2010
Project("{FAE04EC0-301F-11D3-BF4B-00C04F79EFBC}") = "Logger", "Logger\Logger.csproj", "{5DE7AE03-3C5B-4D2D-92FC-A14EC77498FF}"
EndProject
Global
	GlobalSection(SolutionConfigurationPlatforms) = preSolution
		Debug|Any CPU = Debug|Any CPU
		Release|Any CPU = Release|Any CPU
	EndGlobalSection
	GlobalSection(ProjectConfigurationPlatforms) = postSolution
		{5DE7AE03-3C5B-4D2D-92FC-A14EC77498FF}.Debug|Any CPU.ActiveCfg = Debug|Any CPU
		{5DE7AE03-3C5B-4D2D-92FC-A14EC77498FF}.Debug|Any CPU.Build.0 = Debug|Any CPU
		{5DE7AE03-3C5B-4D2D-92FC-A14EC77498FF}.Release|Any CPU.ActiveCfg = Release|Any CPU
		{5DE7AE03-3C5B-4D2D-92FC-A14EC77498FF}.Release|Any CPU.Build.0 = Release|Any CPU
	EndGlobalSection
	GlobalSection(SolutionProperties) = preSolution
		HideSolutionNode = FALSE
	EndGlobalSection
EndGlobal
